
Microsoft Visual Studio Solution File, Format Version 12.00
# Visual Studio Version 17
VisualStudioVersion = 17.5.33414.496
MinimumVisualStudioVersion = 10.0.40219.1
Project("{FAE04EC0-301F-11D3-BF4B-00C04F79EFBC}") = "ATM", "ATM\ATM.csproj", "{A6AB218C-EF88-4DEA-8C8C-56D33B7AFC45}"
EndProject
Global
	GlobalSection(SolutionConfigurationPlatforms) = preSolution
		Debug|Any CPU = Debug|Any CPU
		Release|Any CPU = Release|Any CPU
	EndGlobalSection
	GlobalSection(ProjectConfigurationPlatforms) = postSolution
		{A6AB218C-EF88-4DEA-8C8C-56D33B7AFC45}.Debug|Any CPU.ActiveCfg = Debug|Any CPU
		{A6AB218C-EF88-4DEA-8C8C-56D33B7AFC45}.Debug|Any CPU.Build.0 = Debug|Any CPU
		{A6AB218C-EF88-4DEA-8C8C-56D33B7AFC45}.Release|Any CPU.ActiveCfg = Release|Any CPU
		{A6AB218C-EF88-4DEA-8C8C-56D33B7AFC45}.Release|Any CPU.Build.0 = Release|Any CPU
	EndGlobalSection
	GlobalSection(SolutionProperties) = preSolution
		HideSolutionNode = FALSE
	EndGlobalSection
	GlobalSection(ExtensibilityGlobals) = postSolution
		SolutionGuid = {EEFD3A11-FEB7-4225-8FB6-110E637F36FF}
	EndGlobalSection
EndGlobal
